
Microsoft Visual Studio Solution File, Format Version 12.00
# Visual Studio Version 17
VisualStudioVersion = 17.2.32516.85
MinimumVisualStudioVersion = 10.0.40219.1
Project("{FAE04EC0-301F-11D3-BF4B-00C04F79EFBC}") = "Snake", "Snake\Snake.csproj", "{7F3918A6-B258-4651-8C1A-BD70FF7C9BE3}"
EndProject
Global
	GlobalSection(SolutionConfigurationPlatforms) = preSolution
		Debug|Any CPU = Debug|Any CPU
		Release|Any CPU = Release|Any CPU
	EndGlobalSection
	GlobalSection(ProjectConfigurationPlatforms) = postSolution
		{7F3918A6-B258-4651-8C1A-BD70FF7C9BE3}.Debug|Any CPU.ActiveCfg = Debug|Any CPU
		{7F3918A6-B258-4651-8C1A-BD70FF7C9BE3}.Debug|Any CPU.Build.0 = Debug|Any CPU
		{7F3918A6-B258-4651-8C1A-BD70FF7C9BE3}.Release|Any CPU.ActiveCfg = Release|Any CPU
		{7F3918A6-B258-4651-8C1A-BD70FF7C9BE3}.Release|Any CPU.Build.0 = Release|Any CPU
	EndGlobalSection
	GlobalSection(SolutionProperties) = preSolution
		HideSolutionNode = FALSE
	EndGlobalSection
	GlobalSection(ExtensibilityGlobals) = postSolution
		SolutionGuid = {E1C8FD5F-B1E6-41FC-8B8A-CC88197C07AA}
	EndGlobalSection
EndGlobal
